
Microsoft Visual Studio Solution File, Format Version 12.00
# Visual Studio Version 16
VisualStudioVersion = 16.0.31005.135
MinimumVisualStudioVersion = 10.0.40219.1
Project("{FAE04EC0-301F-11D3-BF4B-00C04F79EFBC}") = "Ejercicio 3", "Ejercicio 3\Ejercicio 3.csproj", "{A2F36417-0C28-4FD3-A968-9150DB7F7384}"
EndProject
Global
	GlobalSection(SolutionConfigurationPlatforms) = preSolution
		Debug|Any CPU = Debug|Any CPU
		Release|Any CPU = Release|Any CPU
	EndGlobalSection
	GlobalSection(ProjectConfigurationPlatforms) = postSolution
		{A2F36417-0C28-4FD3-A968-9150DB7F7384}.Debug|Any CPU.ActiveCfg = Debug|Any CPU
		{A2F36417-0C28-4FD3-A968-9150DB7F7384}.Debug|Any CPU.Build.0 = Debug|Any CPU
		{A2F36417-0C28-4FD3-A968-9150DB7F7384}.Release|Any CPU.ActiveCfg = Release|Any CPU
		{A2F36417-0C28-4FD3-A968-9150DB7F7384}.Release|Any CPU.Build.0 = Release|Any CPU
	EndGlobalSection
	GlobalSection(SolutionProperties) = preSolution
		HideSolutionNode = FALSE
	EndGlobalSection
	GlobalSection(ExtensibilityGlobals) = postSolution
		SolutionGuid = {9A78CF07-A35A-4BF2-8E18-5CDC16C02B2D}
	EndGlobalSection
EndGlobal
